{
  "requires": true,
  "lockfileVersion": 1,
  "dependencies": {
    "@vueuse/head": {
      "version": "0.3.1",
      "resolved": "https://registry.npmjs.org/@vueuse/head/-/head-0.3.1.tgz",
      "integrity": "sha512-SaKib18YjFLrErxHYDxLXsBBY4/Q93b6rYer8WRMaRSBqotmZYGEBaoRURhtVYfneBf5dX9O9P3EdjkSn+gL0g=="
    },
    "node-fetch": {
      "version": "2.6.1",
      "resolved": "https://registry.npmjs.org/node-fetch/-/node-fetch-2.6.1.tgz",
      "integrity": "sha512-V4aYg89jEoVRxRb2fJdAg8FHvI7cEyYdVAh94HH0UIK8oJxUfkjlDQN9RbMx+bEjP7+ggMiFRprSti032Oipxw=="
    },
    "pinia": {
      "version": "2.0.0-alpha.7",
      "resolved": "https://registry.npmjs.org/pinia/-/pinia-2.0.0-alpha.7.tgz",
      "integrity": "sha512-IXPG+4elwC+0h5r3FZUhcH+XwywMN+f9uxoMxzapz5ywBfo7BeE48wpC1o+81qnil5m3FhBOjMKZeS7t0t6ljw=="
    }
  }
}
